
Microsoft Visual Studio Solution File, Format Version 12.00
# Visual Studio Version 16
VisualStudioVersion = 16.0.31410.357
MinimumVisualStudioVersion = 10.0.40219.1
Project("{888888A0-9F3D-457C-B088-3A5042F75D52}") = "DinucCalcFlask", "DinucCalcFlask\DinucCalcFlask.pyproj", "{0E69DCD8-4090-4213-9108-FD21000AAD61}"
EndProject
Global
	GlobalSection(SolutionConfigurationPlatforms) = preSolution
		Debug|Any CPU = Debug|Any CPU
		Release|Any CPU = Release|Any CPU
	EndGlobalSection
	GlobalSection(ProjectConfigurationPlatforms) = postSolution
		{0E69DCD8-4090-4213-9108-FD21000AAD61}.Debug|Any CPU.ActiveCfg = Debug|Any CPU
		{0E69DCD8-4090-4213-9108-FD21000AAD61}.Debug|Any CPU.Build.0 = Debug|Any CPU
		{0E69DCD8-4090-4213-9108-FD21000AAD61}.Release|Any CPU.ActiveCfg = Release|Any CPU
		{0E69DCD8-4090-4213-9108-FD21000AAD61}.Release|Any CPU.Build.0 = Release|Any CPU
	EndGlobalSection
	GlobalSection(SolutionProperties) = preSolution
		HideSolutionNode = FALSE
	EndGlobalSection
	GlobalSection(ExtensibilityGlobals) = postSolution
		SolutionGuid = {68252A8E-41A5-4D25-AF6D-2CA4CD8B009B}
	EndGlobalSection
EndGlobal
